
Microsoft Visual Studio Solution File, Format Version 12.00
# Visual Studio 15
Project("{FAE04EC0-301F-11D3-BF4B-00C04F79EFBC}") = "Assembly-CSharp", "Assembly-CSharp.csproj", "{EE6F180F-5829-4743-A8C7-BF974DA695B7}"
EndProject
Project("{FAE04EC0-301F-11D3-BF4B-00C04F79EFBC}") = "Assembly-CSharp-Editor", "Assembly-CSharp-Editor.csproj", "{211082A8-EF1A-C210-EF54-A25F6CA088A0}"
EndProject
Global
	GlobalSection(SolutionConfigurationPlatforms) = preSolution
		Debug|Any CPU = Debug|Any CPU
		Release|Any CPU = Release|Any CPU
	EndGlobalSection
	GlobalSection(ProjectConfigurationPlatforms) = postSolution
		{EE6F180F-5829-4743-A8C7-BF974DA695B7}.Debug|Any CPU.ActiveCfg = Debug|Any CPU
		{EE6F180F-5829-4743-A8C7-BF974DA695B7}.Debug|Any CPU.Build.0 = Debug|Any CPU
		{EE6F180F-5829-4743-A8C7-BF974DA695B7}.Release|Any CPU.ActiveCfg = Release|Any CPU
		{EE6F180F-5829-4743-A8C7-BF974DA695B7}.Release|Any CPU.Build.0 = Release|Any CPU
		{211082A8-EF1A-C210-EF54-A25F6CA088A0}.Debug|Any CPU.ActiveCfg = Debug|Any CPU
		{211082A8-EF1A-C210-EF54-A25F6CA088A0}.Debug|Any CPU.Build.0 = Debug|Any CPU
		{211082A8-EF1A-C210-EF54-A25F6CA088A0}.Release|Any CPU.ActiveCfg = Release|Any CPU
		{211082A8-EF1A-C210-EF54-A25F6CA088A0}.Release|Any CPU.Build.0 = Release|Any CPU
	EndGlobalSection
	GlobalSection(SolutionProperties) = preSolution
		HideSolutionNode = FALSE
	EndGlobalSection
EndGlobal
